# THIS IS AN AUTOGENERATED FILE. DO NOT EDIT THIS FILE DIRECTLY.
# yarn lockfile v1


"@testing-library/user-event@^14.5.2":
  version "14.6.0"
  resolved "https://registry.yarnpkg.com/@testing-library/user-event/-/user-event-14.6.0.tgz#6748ec1ac6df9291e92b6abc0f3530b3842bf34d"
  integrity sha512-+jsfK7kVJbqnCYtLTln8Ja/NmVrZRwBJHmHR9IxIVccMWSOZ6Oy0FkDJNeyVu4QSpMNmRfy10Xb76ObRDlWWBQ==

"@types/@testing-library/user-event":
  version "0.0.0-semantically-released"
  resolved "https://codeload.github.com/testing-library/user-event/tar.gz/a7f8c09f4063423241472c2af3514e198a255dc8"
