{
  "name": "wazuh",
  "version": "3.2.1",
  "lockfileVersion": 1,
  "requires": true,
  "dependencies": {
    "angular-animate": {
      "version": "1.6.5",
      "resolved": "https://registry.npmjs.org/angular-animate/-/angular-animate-1.6.5.tgz",
      "integrity": "sha1-OBfHWIDQX8iZpsjUsJ0cxipx6To="
    },
    "angular-aria": {
      "version": "1.6.5",
      "resolved": "https://registry.npmjs.org/angular-aria/-/angular-aria-1.6.5.tgz",
      "integrity": "sha1-N9nTU0nfV5NJaNx+FnnZfqlvhjw="
    },
    "angular-cookies": {
      "version": "1.6.5",
      "resolved": "https://registry.npmjs.org/angular-cookies/-/angular-cookies-1.6.5.tgz",
      "integrity": "sha1-E5Sdre8ZASrloedSIhLLZAjmRE4="
    },
    "angular-material": {
      "version": "1.1.1",
      "resolved": "https://registry.npmjs.org/angular-material/-/angular-material-1.1.1.tgz",
      "integrity": "sha1-7RLzlLpxqRidZkEVYk9nh6dDmvI="
    },
    "angular-md5": {
      "version": "0.1.10",
      "resolved": "https://registry.npmjs.org/angular-md5/-/angular-md5-0.1.10.tgz",
      "integrity": "sha1-fLbH1cHQQB/+mHGhF4SfA8LMSGM="
    },
    "ansicolors": {
      "version": "0.3.2",
      "resolved": "https://registry.npmjs.org/ansicolors/-/ansicolors-0.3.2.tgz",
      "integrity": "sha1-ZlWX3oap/+Oqm/vmyuXG6kJrSXk="
    },
    "argparse": {
      "version": "1.0.10",
      "resolved": "https://registry.npmjs.org/argparse/-/argparse-1.0.10.tgz",
      "integrity": "sha512-o5Roy6tNG4SL/FOkCAN6RzjiakZS25RLYFrcMttJqbdd8BWrnA+fGz57iN5Pb06pvBGvl5gQ0B48dJlslXvoTg==",
      "requires": {
        "sprintf-js": "1.0.3"
      }
    },
    "debug": {
      "version": "2.6.9",
      "resolved": "https://registry.npmjs.org/debug/-/debug-2.6.9.tgz",
      "integrity": "sha512-bC7ElrdJaJnPbAP+1EotYvqZsb3ecl5wi6Bfi6BJTUcNowp6cvspg0jXznRTKDjm/E7AdgFBVeAPVMNcKGsHMA==",
      "requires": {
        "ms": "2.0.0"
      }
    },
    "esprima": {
      "version": "4.0.0",
      "resolved": "https://registry.npmjs.org/esprima/-/esprima-4.0.0.tgz",
      "integrity": "sha512-oftTcaMu/EGrEIu904mWteKIv8vMuOgGYo7EhVJJN00R/EED9DCua/xxHRdYnKtcECzVg7xOWhflvJMnqcFZjw=="
    },
    "iconv-lite": {
      "version": "0.4.19",
      "resolved": "https://registry.npmjs.org/iconv-lite/-/iconv-lite-0.4.19.tgz",
      "integrity": "sha512-oTZqweIP51xaGPI4uPa56/Pri/480R+mo7SeU+YETByQNhDG55ycFyNLIgta9vXhILrxXDmF7ZGhqZIcuN0gJQ=="
    },
    "install": {
      "version": "0.10.4",
      "resolved": "https://registry.npmjs.org/install/-/install-0.10.4.tgz",
      "integrity": "sha512-+IRyOastuPmLVx9zlVXJoKErSqz1Ma5at9A7S8yfsj3W+Kg95faPoh3bPDtMrZ/grz4PRmXzrswmlzfLlYyLOw=="
    },
    "js-yaml": {
      "version": "3.10.0",
      "resolved": "https://registry.npmjs.org/js-yaml/-/js-yaml-3.10.0.tgz",
      "integrity": "sha512-O2v52ffjLa9VeM43J4XocZE//WT9N0IiwDa3KSHH7Tu8CtH+1qM8SIZvnsTh6v+4yFy5KUY3BHUVwjpfAWsjIA==",
      "requires": {
        "argparse": "1.0.10",
        "esprima": "4.0.0"
      }
    },
    "lodash": {
      "version": "3.10.1",
      "resolved": "https://registry.npmjs.org/lodash/-/lodash-3.10.1.tgz",
      "integrity": "sha1-W/Rejkm6QYnhfUgnid/RW9FAt7Y="
    },
    "ms": {
      "version": "2.0.0",
      "resolved": "https://registry.npmjs.org/ms/-/ms-2.0.0.tgz",
      "integrity": "sha1-VgiurfwAvmwpAd9fmGF4jeDVl8g="
    },
    "needle": {
      "version": "2.2.0",
      "resolved": "https://registry.npmjs.org/needle/-/needle-2.2.0.tgz",
      "integrity": "sha512-eFagy6c+TYayorXw/qtAdSvaUpEbBsDwDyxYFgLZ0lTojfH7K+OdBqAF7TAFwDokJaGpubpSGG0wO3iC0XPi8w==",
      "requires": {
        "debug": "2.6.9",
        "iconv-lite": "0.4.19",
        "sax": "1.2.4"
      }
    },
    "node-cron": {
      "version": "1.2.1",
      "resolved": "https://registry.npmjs.org/node-cron/-/node-cron-1.2.1.tgz",
      "integrity": "sha1-jJC8XccjpWKJsHhmVatKHEy2A2g="
    },
    "sax": {
      "version": "1.2.4",
      "resolved": "https://registry.npmjs.org/sax/-/sax-1.2.4.tgz",
      "integrity": "sha512-NqVDv9TpANUjFm0N8uM5GxL36UgKi9/atZw+x7YFnQ8ckwFGKrl4xX4yWtrey3UJm5nP1kUbnYgLopqWNSRhWw=="
    },
    "sprintf-js": {
      "version": "1.0.3",
      "resolved": "https://registry.npmjs.org/sprintf-js/-/sprintf-js-1.0.3.tgz",
      "integrity": "sha1-BOaSb2YolTVPPdAVIDYzuFcpfiw="
    }
  }
}
