# THIS IS AN AUTOGENERATED FILE. DO NOT EDIT THIS FILE DIRECTLY.
# yarn lockfile v1


"@napi-rs/wasm-runtime@^1.1.1":
  version "1.1.2"
  resolved "https://registry.yarnpkg.com/@napi-rs/wasm-runtime/-/wasm-runtime-1.1.2.tgz#e25454b4d44cfabd21d1bc801705359870e33ecc"
  integrity sha512-sNXv5oLJ7ob93xkZ1XnxisYhGYXfaG9f65/ZgYuAu3qt7b3NadcOEhLvx28hv31PgX8SZJRYrAIPQilQmFpLVw==
  dependencies:
    "@tybys/wasm-util" "^0.10.1"

"@nodelib/fs.scandir@2.1.5":
  version "2.1.5"
  resolved "https://registry.yarnpkg.com/@nodelib/fs.scandir/-/fs.scandir-2.1.5.tgz#7619c2eb21b25483f6d167548b4cfd5a7488c3d5"
  integrity sha512-vq24Bq3ym5HEQm2NKCr3yXDwjc7vTsEThRDnkp2DK9p1uqLR+DHurm/NOTo0KG7HYHU7eppKZj3MyqYuMBf62g==
  dependencies:
    "@nodelib/fs.stat" "2.0.5"
    run-parallel "^1.1.9"

"@nodelib/fs.stat@2.0.5", "@nodelib/fs.stat@^2.0.2":
  version "2.0.5"
  resolved "https://registry.yarnpkg.com/@nodelib/fs.stat/-/fs.stat-2.0.5.tgz#5bd262af94e9d25bd1e71b05deed44876a222e8b"
  integrity sha512-RkhPPp2zrqDAQA/2jNhnztcPAlv64XdhIp7a7454A5ovI7Bukxgt7MX7udwAu3zg1DcpPU0rz3VV1SeaqvY4+A==

"@nodelib/fs.walk@^1.2.3":
  version "1.2.8"
  resolved "https://registry.yarnpkg.com/@nodelib/fs.walk/-/fs.walk-1.2.8.tgz#e95737e8bb6746ddedf69c556953494f196fe69a"
  integrity sha512-oGB+UxlgWcgQkgwo8GcEGwemoTFt3FIO9ababBmaGwXIoBKZ+GTy0pP185beGg7Llih/NSHSV2XAs1lnznocSg==
  dependencies:
    "@nodelib/fs.scandir" "2.1.5"
    fastq "^1.6.0"

"@oxc-resolver/binding-android-arm-eabi@11.19.1":
  version "11.19.1"
  resolved "https://registry.yarnpkg.com/@oxc-resolver/binding-android-arm-eabi/-/binding-android-arm-eabi-11.19.1.tgz#c44120aa5104e991e4a9969bb0b816263a6f4bc1"
  integrity sha512-aUs47y+xyXHUKlbhqHUjBABjvycq6YSD7bpxSW7vplUmdzAlJ93yXY6ZR0c1o1x5A/QKbENCvs3+NlY8IpIVzg==

"@oxc-resolver/binding-android-arm64@11.19.1":
  version "11.19.1"
  resolved "https://registry.yarnpkg.com/@oxc-resolver/binding-android-arm64/-/binding-android-arm64-11.19.1.tgz#bac86a9f2afda9cd6181ea1d1546448df579b740"
  integrity sha512-oolbkRX+m7Pq2LNjr/kKgYeC7bRDMVTWPgxBGMjSpZi/+UskVo4jsMU3MLheZV55jL6c3rNelPl4oD60ggYmqA==

"@oxc-resolver/binding-darwin-arm64@11.19.1":
  version "11.19.1"
  resolved "https://registry.yarnpkg.com/@oxc-resolver/binding-darwin-arm64/-/binding-darwin-arm64-11.19.1.tgz#6bddb5b779cde0003dae0d703bf734e1536968f1"
  integrity sha512-nUC6d2i3R5B12sUW4O646qD5cnMXf2oBGPLIIeaRfU9doJRORAbE2SGv4eW6rMqhD+G7nf2Y8TTJTLiiO3Q/dQ==

"@oxc-resolver/binding-darwin-x64@11.19.1":
  version "11.19.1"
  resolved "https://registry.yarnpkg.com/@oxc-resolver/binding-darwin-x64/-/binding-darwin-x64-11.19.1.tgz#055331438a73b21d357fdef947b9c06ec9046104"
  integrity sha512-cV50vE5+uAgNcFa3QY1JOeKDSkM/9ReIcc/9wn4TavhW/itkDGrXhw9jaKnkQnGbjJ198Yh5nbX/Gr2mr4Z5jQ==

"@oxc-resolver/binding-freebsd-x64@11.19.1":
  version "11.19.1"
  resolved "https://registry.yarnpkg.com/@oxc-resolver/binding-freebsd-x64/-/binding-freebsd-x64-11.19.1.tgz#735ebe53bad7e935255a0eb072f74a43ffb032c4"
  integrity sha512-xZOQiYGFxtk48PBKff+Zwoym7ScPAIVp4c14lfLxizO2LTTTJe5sx9vQNGrBymrf/vatSPNMD4FgsaaRigPkqw==

"@oxc-resolver/binding-linux-arm-gnueabihf@11.19.1":
  version "11.19.1"
  resolved "https://registry.yarnpkg.com/@oxc-resolver/binding-linux-arm-gnueabihf/-/binding-linux-arm-gnueabihf-11.19.1.tgz#2072f679e5a8485f3c0fe98f3bd57dfd4647a19d"
  integrity sha512-lXZYWAC6kaGe/ky2su94e9jN9t6M0/6c+GrSlCqL//XO1cxi5lpAhnJYdyrKfm0ZEr/c7RNyAx3P7FSBcBd5+A==

"@oxc-resolver/binding-linux-arm-musleabihf@11.19.1":
  version "11.19.1"
  resolved "https://registry.yarnpkg.com/@oxc-resolver/binding-linux-arm-musleabihf/-/binding-linux-arm-musleabihf-11.19.1.tgz#d74d0aa4738cc9f2af9e2015cbded0a5d34610dc"
  integrity sha512-veG1kKsuK5+t2IsO9q0DErYVSw2azvCVvWHnfTOS73WE0STdLLB7Q1bB9WR+yHPQM76ASkFyRbogWo1GR1+WbQ==

"@oxc-resolver/binding-linux-arm64-gnu@11.19.1":
  version "11.19.1"
  resolved "https://registry.yarnpkg.com/@oxc-resolver/binding-linux-arm64-gnu/-/binding-linux-arm64-gnu-11.19.1.tgz#06aa9a330ecda461be6938969c1c4b67e969419e"
  integrity sha512-heV2+jmXyYnUrpUXSPugqWDRpnsQcDm2AX4wzTuvgdlZfoNYO0O3W2AVpJYaDn9AG4JdM6Kxom8+foE7/BcSig==

"@oxc-resolver/binding-linux-arm64-musl@11.19.1":
  version "11.19.1"
  resolved "https://registry.yarnpkg.com/@oxc-resolver/binding-linux-arm64-musl/-/binding-linux-arm64-musl-11.19.1.tgz#e951cb96e7f72a8b83d6379d19d4e2624fca8d6e"
  integrity sha512-jvo2Pjs1c9KPxMuMPIeQsgu0mOJF9rEb3y3TdpsrqwxRM+AN6/nDDwv45n5ZrUnQMsdBy5gIabioMKnQfWo9ew==

"@oxc-resolver/binding-linux-ppc64-gnu@11.19.1":
  version "11.19.1"
  resolved "https://registry.yarnpkg.com/@oxc-resolver/binding-linux-ppc64-gnu/-/binding-linux-ppc64-gnu-11.19.1.tgz#b73a3d95b9b7a74d8aa95ddefc06b6ab73d8afc6"
  integrity sha512-vLmdNxWCdN7Uo5suays6A/+ywBby2PWBBPXctWPg5V0+eVuzsJxgAn6MMB4mPlshskYbppjpN2Zg83ArHze9gQ==

"@oxc-resolver/binding-linux-riscv64-gnu@11.19.1":
  version "11.19.1"
  resolved "https://registry.yarnpkg.com/@oxc-resolver/binding-linux-riscv64-gnu/-/binding-linux-riscv64-gnu-11.19.1.tgz#a9d29b7ddc351824ca25c4aa9de6cd45cffb5d1f"
  integrity sha512-/b+WgR+VTSBxzgOhDO7TlMXC1ufPIMR6Vj1zN+/x+MnyXGW7prTLzU9eW85Aj7Th7CCEG9ArCbTeqxCzFWdg2w==

"@oxc-resolver/binding-linux-riscv64-musl@11.19.1":
  version "11.19.1"
  resolved "https://registry.yarnpkg.com/@oxc-resolver/binding-linux-riscv64-musl/-/binding-linux-riscv64-musl-11.19.1.tgz#0fcbb8ff0a09e1c61cbcd2a0803946aec0cb9b3b"
  integrity sha512-YlRdeWb9j42p29ROh+h4eg/OQ3dTJlpHSa+84pUM9+p6i3djtPz1q55yLJhgW9XfDch7FN1pQ/Vd6YP+xfRIuw==

"@oxc-resolver/binding-linux-s390x-gnu@11.19.1":
  version "11.19.1"
  resolved "https://registry.yarnpkg.com/@oxc-resolver/binding-linux-s390x-gnu/-/binding-linux-s390x-gnu-11.19.1.tgz#1b7e32df63bf323e5ec765f536d2be14fba51787"
  integrity sha512-EDpafVOQWF8/MJynsjOGFThcqhRHy417sRyLfQmeiamJ8qVhSKAn2Dn2VVKUGCjVB9C46VGjhNo7nOPUi1x6uA==

"@oxc-resolver/binding-linux-x64-gnu@11.19.1":
  version "11.19.1"
  resolved "https://registry.yarnpkg.com/@oxc-resolver/binding-linux-x64-gnu/-/binding-linux-x64-gnu-11.19.1.tgz#4ab2754f1b9521a3d0f00cb251d8b6603222f2f4"
  integrity sha512-NxjZe+rqWhr+RT8/Ik+5ptA3oz7tUw361Wa5RWQXKnfqwSSHdHyrw6IdcTfYuml9dM856AlKWZIUXDmA9kkiBQ==

"@oxc-resolver/binding-linux-x64-musl@11.19.1":
  version "11.19.1"
  resolved "https://registry.yarnpkg.com/@oxc-resolver/binding-linux-x64-musl/-/binding-linux-x64-musl-11.19.1.tgz#91c3ae986004131726c78ba9aef6154daa9c238e"
  integrity sha512-cM/hQwsO3ReJg5kR+SpI69DMfvNCp+A/eVR4b4YClE5bVZwz8rh2Nh05InhwI5HR/9cArbEkzMjcKgTHS6UaNw==

"@oxc-resolver/binding-openharmony-arm64@11.19.1":
  version "11.19.1"
  resolved "https://registry.yarnpkg.com/@oxc-resolver/binding-openharmony-arm64/-/binding-openharmony-arm64-11.19.1.tgz#305fe66843f4ba2499fdacf1aac00341b5968198"
  integrity sha512-QF080IowFB0+9Rh6RcD19bdgh49BpQHUW5TajG1qvWHvmrQznTZZjYlgE2ltLXyKY+qs4F/v5xuX1XS7Is+3qA==

"@oxc-resolver/binding-wasm32-wasi@11.19.1":
  version "11.19.1"
  resolved "https://registry.yarnpkg.com/@oxc-resolver/binding-wasm32-wasi/-/binding-wasm32-wasi-11.19.1.tgz#0e885eb1fd6e80582cf7dfb756647fbc427cce1b"
  integrity sha512-w8UCKhX826cP/ZLokXDS6+milN8y4X7zidsAttEdWlVoamTNf6lhBJldaWr3ukTDiye7s4HRcuPEPOXNC432Vg==
  dependencies:
    "@napi-rs/wasm-runtime" "^1.1.1"

"@oxc-resolver/binding-win32-arm64-msvc@11.19.1":
  version "11.19.1"
  resolved "https://registry.yarnpkg.com/@oxc-resolver/binding-win32-arm64-msvc/-/binding-win32-arm64-msvc-11.19.1.tgz#2e14871c6075520ebfd312eb9c6a15e753237b90"
  integrity sha512-nJ4AsUVZrVKwnU/QRdzPCCrO0TrabBqgJ8pJhXITdZGYOV28TIYystV1VFLbQ7DtAcaBHpocT5/ZJnF78YJPtQ==

"@oxc-resolver/binding-win32-ia32-msvc@11.19.1":
  version "11.19.1"
  resolved "https://registry.yarnpkg.com/@oxc-resolver/binding-win32-ia32-msvc/-/binding-win32-ia32-msvc-11.19.1.tgz#b684992dd0fc6e8f88053bfa86327b932e4cc486"
  integrity sha512-EW+ND5q2Tl+a3pH81l1QbfgbF3HmqgwLfDfVithRFheac8OTcnbXt/JxqD2GbDkb7xYEqy1zNaVFRr3oeG8npA==

"@oxc-resolver/binding-win32-x64-msvc@11.19.1":
  version "11.19.1"
  resolved "https://registry.yarnpkg.com/@oxc-resolver/binding-win32-x64-msvc/-/binding-win32-x64-msvc-11.19.1.tgz#a48dccdcb0833da4957579b0e314666407990364"
  integrity sha512-6hIU3RQu45B+VNTY4Ru8ppFwjVS/S5qwYyGhBotmjxfEKk41I2DlGtRfGJndZ5+6lneE2pwloqunlOyZuX/XAw==

"@tootallnate/once@^3.0.1":
  version "3.0.1"
  resolved "https://registry.yarnpkg.com/@tootallnate/once/-/once-3.0.1.tgz#d580decb59cb41a15856387a86800838102daf44"
  integrity sha512-VyMVKRrpHTT8PnotUeV8L/mDaMwD5DaAKCFLP73zAqAtvF0FCqky+Ki7BYbFCYQmqFyTe9316Ed5zS70QUR9eg==

"@tybys/wasm-util@^0.10.1":
  version "0.10.1"
  resolved "https://registry.yarnpkg.com/@tybys/wasm-util/-/wasm-util-0.10.1.tgz#ecddd3205cf1e2d5274649ff0eedd2991ed7f414"
  integrity sha512-9tTaPJLSiejZKx+Bmog4uSubteqTvFrVrURwkmHixBo0G4seD0zUxp98E1DzUBJxLQ3NPwXrGKDiVjwx/DpPsg==
  dependencies:
    tslib "^2.4.0"

"@types/md5@^2.3.2":
  version "2.3.2"
  resolved "https://registry.yarnpkg.com/@types/md5/-/md5-2.3.2.tgz#529bb3f8a7e9e9f621094eb76a443f585d882528"
  integrity sha512-v+JFDu96+UYJ3/UWzB0mEglIS//MZXgRaJ4ubUPwOM0gvLc/kcQ3TWNYwENEK7/EcXGQVrW8h/XqednSjBd/Og==

asynckit@^0.4.0:
  version "0.4.0"
  resolved "https://registry.yarnpkg.com/asynckit/-/asynckit-0.4.0.tgz#c79ed97f7f34cb8f2ba1bc9790bcc366474b4b79"
  integrity sha512-Oei9OH4tRh0YqU3GxhX79dM/mwVgvbZJaSNaRk+bshkj0S5cfHcgYakreBjrHwatXKbz+IoIdYLxrKim2MjW0Q==

braces@^3.0.3:
  version "3.0.3"
  resolved "https://registry.yarnpkg.com/braces/-/braces-3.0.3.tgz#490332f40919452272d55a8480adc0c441358789"
  integrity sha512-yQbXgO/OSZVD2IsiLlro+7Hf6Q18EJrKSEsdoMzKePKXct3gvD8oLcOQdIzGupr5Fj+EDe8gO/lxc1BzfMpxvA==
  dependencies:
    fill-range "^7.1.1"

call-bind-apply-helpers@^1.0.1, call-bind-apply-helpers@^1.0.2:
  version "1.0.2"
  resolved "https://registry.yarnpkg.com/call-bind-apply-helpers/-/call-bind-apply-helpers-1.0.2.tgz#4b5428c222be985d79c3d82657479dbe0b59b2d6"
  integrity sha512-Sp1ablJ0ivDkSzjcaJdxEunN5/XvksFJ2sMBFfq6x0ryhQV/2b/KwFe21cMpmHtPOSij8K99/wSfoEuTObmuMQ==
  dependencies:
    es-errors "^1.3.0"
    function-bind "^1.1.2"

charenc@0.0.2:
  version "0.0.2"
  resolved "https://registry.yarnpkg.com/charenc/-/charenc-0.0.2.tgz#c0a1d2f3a7092e03774bfa83f14c0fc5790a8667"
  integrity sha512-yrLQ/yVUFXkzg7EDQsPieE/53+0RlaWTs+wBrvW36cyilJ2SaDWfl4Yj7MtLTXleV9uEKefbAGUPv2/iWSooRA==

combined-stream@^1.0.8:
  version "1.0.8"
  resolved "https://registry.yarnpkg.com/combined-stream/-/combined-stream-1.0.8.tgz#c3d45a8b34fd730631a110a8a2520682b31d5a7f"
  integrity sha512-FQN4MRfuJeHf7cBbBMJFXhKSDq+2kAArBlmRBvcvFE5BB1HZKXtSFASDhdlz9zOYwxh8lDdnvmMOe/+5cdoEdg==
  dependencies:
    delayed-stream "~1.0.0"

cross-spawn@^7.0.5:
  version "7.0.6"
  resolved "https://registry.yarnpkg.com/cross-spawn/-/cross-spawn-7.0.6.tgz#8a58fe78f00dcd70c370451759dfbfaf03e8ee9f"
  integrity sha512-uV2QOWP2nWzsy2aMp8aRibhi9dlzF5Hgh5SHaB9OiTGEyDTiJJyx0uy51QXdyWbtAHNua4XJzUKca3OzKUd3vA==
  dependencies:
    path-key "^3.1.0"
    shebang-command "^2.0.0"
    which "^2.0.1"

crypt@0.0.2:
  version "0.0.2"
  resolved "https://registry.yarnpkg.com/crypt/-/crypt-0.0.2.tgz#88d7ff7ec0dfb86f713dc87bbb42d044d3e6c41b"
  integrity sha512-mCxBlsHFYh9C+HVpiEacem8FEBnMXgU9gy4zmNC+SXAZNB/1idgp/aulFJ4FgCi7GPEVbfyng092GqL2k2rmow==

delayed-stream@~1.0.0:
  version "1.0.0"
  resolved "https://registry.yarnpkg.com/delayed-stream/-/delayed-stream-1.0.0.tgz#df3ae199acadfb7d440aaae0b29e2272b24ec619"
  integrity sha512-ZySD7Nf91aLB0RxL4KGrKHBXl7Eds1DAmEdcoVawXnLD7SDhpNgtuII2aAkg7a7QS41jxPSZ17p4VdGnMHk3MQ==

dunder-proto@^1.0.1:
  version "1.0.1"
  resolved "https://registry.yarnpkg.com/dunder-proto/-/dunder-proto-1.0.1.tgz#d7ae667e1dc83482f8b70fd0f6eefc50da30f58a"
  integrity sha512-KIN/nDJBQRcXw0MLVhZE9iQHmG68qAVIBg9CqmUYjmQIhgij9U5MFvrqkUL5FbtyyzZuOeOt0zdeRe4UY7ct+A==
  dependencies:
    call-bind-apply-helpers "^1.0.1"
    es-errors "^1.3.0"
    gopd "^1.2.0"

es-define-property@^1.0.1:
  version "1.0.1"
  resolved "https://registry.yarnpkg.com/es-define-property/-/es-define-property-1.0.1.tgz#983eb2f9a6724e9303f61addf011c72e09e0b0fa"
  integrity sha512-e3nRfgfUZ4rNGL232gUgX06QNyyez04KdjFrF+LTRoOXmrOgFKDg4BCdsjW8EnT69eqdYGmRpJwiPVYNrCaW3g==

es-errors@^1.3.0:
  version "1.3.0"
  resolved "https://registry.yarnpkg.com/es-errors/-/es-errors-1.3.0.tgz#05f75a25dab98e4fb1dcd5e1472c0546d5057c8f"
  integrity sha512-Zf5H2Kxt2xjTvbJvP2ZWLEICxA6j+hAmMzIlypy4xcBg1vKVnx89Wy0GbS+kf5cwCVFFzdCFh2XSCFNULS6csw==

es-object-atoms@^1.0.0:
  version "1.0.0"
  resolved "https://registry.yarnpkg.com/es-object-atoms/-/es-object-atoms-1.0.0.tgz#ddb55cd47ac2e240701260bc2a8e31ecb643d941"
  integrity sha512-MZ4iQ6JwHOBQjahnjwaC1ZtIBH+2ohjamzAO3oaHcXYup7qxjF2fixyH+Q71voWHeOkI2q/TnJao/KfXYIZWbw==
  dependencies:
    es-errors "^1.3.0"

es-object-atoms@^1.1.1:
  version "1.1.2"
  resolved "https://registry.yarnpkg.com/es-object-atoms/-/es-object-atoms-1.1.2.tgz#a2d0b373205724dfa525d23b0c3e1b1ca582c99b"
  integrity sha512-HWcBoN6NileqtSydK2FqHbS/LoDd2pqrnQHLyJzBj4kOp/ky2MWMN694xOfkK8/SnUsW2DH7EfyVlydKCsm1Zw==
  dependencies:
    es-errors "^1.3.0"

es-set-tostringtag@^2.1.0:
  version "2.1.0"
  resolved "https://registry.yarnpkg.com/es-set-tostringtag/-/es-set-tostringtag-2.1.0.tgz#f31dbbe0c183b00a6d26eb6325c810c0fd18bd4d"
  integrity sha512-j6vWzfrGVfyXxge+O0x5sh6cvxAog0a/4Rdd2K36zCMV5eJ+/+tOAngRO8cODMNWbVRdVlmGZQL2YS3yR8bIUA==
  dependencies:
    es-errors "^1.3.0"
    get-intrinsic "^1.2.6"
    has-tostringtag "^1.0.2"
    hasown "^2.0.2"

fast-glob@^3.3.3:
  version "3.3.3"
  resolved "https://registry.yarnpkg.com/fast-glob/-/fast-glob-3.3.3.tgz#d06d585ce8dba90a16b0505c543c3ccfb3aeb818"
  integrity sha512-7MptL8U0cqcFdzIzwOTHoilX9x5BrNqye7Z/LuC7kCMRio1EMSyqRK3BEAUD7sXRq4iT4AzTVuZdhgQ2TCvYLg==
  dependencies:
    "@nodelib/fs.stat" "^2.0.2"
    "@nodelib/fs.walk" "^1.2.3"
    glob-parent "^5.1.2"
    merge2 "^1.3.0"
    micromatch "^4.0.8"

fastq@^1.6.0:
  version "1.20.1"
  resolved "https://registry.yarnpkg.com/fastq/-/fastq-1.20.1.tgz#ca750a10dc925bc8b18839fd203e3ef4b3ced675"
  integrity sha512-GGToxJ/w1x32s/D2EKND7kTil4n8OVk/9mycTc4VDza13lOvpUZTGX3mFSCtV9ksdGBVzvsyAVLM6mHFThxXxw==
  dependencies:
    reusify "^1.0.4"

fd-package-json@^2.0.0:
  version "2.0.0"
  resolved "https://registry.yarnpkg.com/fd-package-json/-/fd-package-json-2.0.0.tgz#03f53ce5a0af552c2f4faf703a24e526310a2411"
  integrity sha512-jKmm9YtsNXN789RS/0mSzOC1NUq9mkVd65vbSSVsKdjGvYXBuE4oWe2QOEoFeRmJg+lPuZxpmrfFclNhoRMneQ==
  dependencies:
    walk-up-path "^4.0.0"

fill-range@^7.1.1:
  version "7.1.1"
  resolved "https://registry.yarnpkg.com/fill-range/-/fill-range-7.1.1.tgz#44265d3cac07e3ea7dc247516380643754a05292"
  integrity sha512-YsGpe3WHLK8ZYi4tWDg2Jy3ebRz2rXowDxnld4bkQB00cc/1Zw9AWnC0i9ztDJitivtQvaI9KaLyKrc+hBW0yg==
  dependencies:
    to-regex-range "^5.0.1"

follow-redirects@^1.15.6:
  version "1.15.6"
  resolved "https://registry.yarnpkg.com/follow-redirects/-/follow-redirects-1.15.6.tgz#7f815c0cda4249c74ff09e95ef97c23b5fd0399b"
  integrity sha512-wWN62YITEaOpSK584EZXJafH1AGpO8RVgElfkuXbTOrPX4fIfOyEpW/CsiNd8JdYrAoOvafRTOEnvsO++qCqFA==

form-data@^4.0.4:
  version "4.0.5"
  resolved "https://registry.yarnpkg.com/form-data/-/form-data-4.0.5.tgz#b49e48858045ff4cbf6b03e1805cebcad3679053"
  integrity sha512-8RipRLol37bNs2bhoV67fiTEvdTrbMUYcFTiy3+wuuOnUog2QBHCZWXDRijWQfAkhBj2Uf5UnVaiWwA5vdd82w==
  dependencies:
    asynckit "^0.4.0"
    combined-stream "^1.0.8"
    es-set-tostringtag "^2.1.0"
    hasown "^2.0.2"
    mime-types "^2.1.12"

formatly@^0.3.0:
  version "0.3.0"
  resolved "https://registry.yarnpkg.com/formatly/-/formatly-0.3.0.tgz#5bb3b4e692f5a8c74ad8fe26154dd0a74aac6819"
  integrity sha512-9XNj/o4wrRFyhSMJOvsuyMwy8aUfBaZ1VrqHVfohyXf0Sw0e+yfKG+xZaY3arGCOMdwFsqObtzVOc1gU9KiT9w==
  dependencies:
    fd-package-json "^2.0.0"

function-bind@^1.1.2:
  version "1.1.2"
  resolved "https://registry.yarnpkg.com/function-bind/-/function-bind-1.1.2.tgz#2c02d864d97f3ea6c8830c464cbd11ab6eab7a1c"
  integrity sha512-7XHNxH7qX9xG5mIwxkhumTox/MIRNcOgDrxWsMt2pAr23WHp6MrRlN7FBSFpCpr+oVO0F744iUgR82nJMfG2SA==

get-intrinsic@^1.2.6:
  version "1.3.0"
  resolved "https://registry.yarnpkg.com/get-intrinsic/-/get-intrinsic-1.3.0.tgz#743f0e3b6964a93a5491ed1bffaae054d7f98d01"
  integrity sha512-9fSjSaos/fRIVIp+xSJlE6lfwhES7LNtKaCBIamHsjr2na1BiABJPo0mOjjz8GJDURarmCPGqaiVg5mfjb98CQ==
  dependencies:
    call-bind-apply-helpers "^1.0.2"
    es-define-property "^1.0.1"
    es-errors "^1.3.0"
    es-object-atoms "^1.1.1"
    function-bind "^1.1.2"
    get-proto "^1.0.1"
    gopd "^1.2.0"
    has-symbols "^1.1.0"
    hasown "^2.0.2"
    math-intrinsics "^1.1.0"

get-proto@^1.0.1:
  version "1.0.1"
  resolved "https://registry.yarnpkg.com/get-proto/-/get-proto-1.0.1.tgz#150b3f2743869ef3e851ec0c49d15b1d14d00ee1"
  integrity sha512-sTSfBjoXBp89JvIKIefqw7U2CCebsc74kiY6awiGogKtoSGbgjYE/G/+l9sF3MWFPNc9IcoOC4ODfKHfxFmp0g==
  dependencies:
    dunder-proto "^1.0.1"
    es-object-atoms "^1.0.0"

glob-parent@^5.1.2:
  version "5.1.2"
  resolved "https://registry.yarnpkg.com/glob-parent/-/glob-parent-5.1.2.tgz#869832c58034fe68a4093c17dc15e8340d8401c4"
  integrity sha512-AOIgSQCepiJYwP3ARnGx+5VnTu2HBYdzbGP45eLw1vr3zB3vZLeyed1sC9hnbcOc9/SrMyM5RPQrkGz4aS9Zow==
  dependencies:
    is-glob "^4.0.1"

gopd@^1.2.0:
  version "1.2.0"
  resolved "https://registry.yarnpkg.com/gopd/-/gopd-1.2.0.tgz#89f56b8217bdbc8802bd299df6d7f1081d7e51a1"
  integrity sha512-ZUKRh6/kUFoAiTAtTYPZJ3hw9wNxx+BIBOijnlG9PnrJsCcSjs1wyyD6vJpaYtgnzDrKYRSqf3OO6Rfa93xsRg==

has-symbols@^1.0.3:
  version "1.0.3"
  resolved "https://registry.yarnpkg.com/has-symbols/-/has-symbols-1.0.3.tgz#bb7b2c4349251dce87b125f7bdf874aa7c8b39f8"
  integrity sha512-l3LCuF6MgDNwTDKkdYGEihYjt5pRPbEg46rtlmnSPlUbgmB8LOIrKJbYYFBSbnPaJexMKtiPO8hmeRjRz2Td+A==

has-symbols@^1.1.0:
  version "1.1.0"
  resolved "https://registry.yarnpkg.com/has-symbols/-/has-symbols-1.1.0.tgz#fc9c6a783a084951d0b971fe1018de813707a338"
  integrity sha512-1cDNdwJ2Jaohmb3sg4OmKaMBwuC48sYni5HUw2DvsC8LjGTLK9h+eb1X6RyuOHe4hT0ULCW68iomhjUoKUqlPQ==

has-tostringtag@^1.0.2:
  version "1.0.2"
  resolved "https://registry.yarnpkg.com/has-tostringtag/-/has-tostringtag-1.0.2.tgz#2cdc42d40bef2e5b4eeab7c01a73c54ce7ab5abc"
  integrity sha512-NqADB8VjPFLM2V0VvHUewwwsw0ZWBaIdgo+ieHtK3hasLz4qeCRjYcqfB6AQrBggRKppKF8L52/VqdVsO47Dlw==
  dependencies:
    has-symbols "^1.0.3"

hasown@^2.0.2:
  version "2.0.2"
  resolved "https://registry.yarnpkg.com/hasown/-/hasown-2.0.2.tgz#003eaf91be7adc372e84ec59dc37252cedb80003"
  integrity sha512-0hJU9SCPvmMzIBdZFqNPXWa6dqh7WdH0cII9y+CyS8rG3nL48Bclra9HmKhVVUHyPWNH5Y7xDwAB7bfgSjkUMQ==
  dependencies:
    function-bind "^1.1.2"

is-buffer@~1.1.6:
  version "1.1.6"
  resolved "https://registry.yarnpkg.com/is-buffer/-/is-buffer-1.1.6.tgz#efaa2ea9daa0d7ab2ea13a97b2b8ad51fefbe8be"
  integrity sha512-NcdALwpXkTm5Zvvbk7owOUSvVvBKDgKP5/ewfXEznmQFfs4ZRmanOeKBTjRVjka3QFoN6XJ+9F3USqfHqTaU5w==

is-extglob@^2.1.1:
  version "2.1.1"
  resolved "https://registry.yarnpkg.com/is-extglob/-/is-extglob-2.1.1.tgz#a88c02535791f02ed37c76a1b9ea9773c833f8c2"
  integrity sha512-SbKbANkN603Vi4jEZv49LeVJMn4yGwsbzZworEoyEiutsN3nJYdbO36zfhGJ6QEDpOZIFkDtnq5JRxmvl3jsoQ==

is-glob@^4.0.1:
  version "4.0.3"
  resolved "https://registry.yarnpkg.com/is-glob/-/is-glob-4.0.3.tgz#64f61e42cbbb2eec2071a9dac0b28ba1e65d5084"
  integrity sha512-xelSayHH36ZgE7ZWhli7pW34hNbNl8Ojv5KVmkJD4hBdD3th8Tfk9vYasLM+mXWOZhFkgZfxhLSnrwRr4elSSg==
  dependencies:
    is-extglob "^2.1.1"

is-number@^7.0.0:
  version "7.0.0"
  resolved "https://registry.yarnpkg.com/is-number/-/is-number-7.0.0.tgz#7535345b896734d5f80c4d06c50955527a14f12b"
  integrity sha512-41Cifkg6e8TylSpdtTpeLVMqvSBEVzTttHvERD741+pnZ8ANv0004MRL43QKPDlK9cGvNp6NZWZUBlbGXYxxng==

isexe@^2.0.0:
  version "2.0.0"
  resolved "https://registry.yarnpkg.com/isexe/-/isexe-2.0.0.tgz#e8fbf374dc556ff8947a10dcb0572d633f2cfa10"
  integrity sha512-RHxMLp9lnKHGHRng9QFhRCMbYAcVpn69smSGcq3f36xjgVVWThj4qqLbTLlq7Ssj8B+fIQ1EuCEGI2lKsyQeIw==

jiti@^2.6.0:
  version "2.6.1"
  resolved "https://registry.yarnpkg.com/jiti/-/jiti-2.6.1.tgz#178ef2fc9a1a594248c20627cd820187a4d78d92"
  integrity sha512-ekilCSN1jwRvIbgeg/57YFh8qQDNbwDb9xT/qu2DAHbFFZUicIl4ygVaAvzveMhMVr3LnpSKTNnwt8PoOfmKhQ==

jwt-decode@^3.1.2:
  version "3.1.2"
  resolved "https://registry.yarnpkg.com/jwt-decode/-/jwt-decode-3.1.2.tgz#3fb319f3675a2df0c2895c8f5e9fa4b67b04ed59"
  integrity sha512-UfpWE/VZn0iP50d8cz9NrZLM9lSWhcJ+0Gt/nm4by88UL+J1SiKN8/5dkjMmbEzwL2CAe+67GsegCbIKtbp75A==

knip@^5.88.1:
  version "5.88.1"
  resolved "https://registry.yarnpkg.com/knip/-/knip-5.88.1.tgz#cad6f43bcaa19d188fe281090e6aec491c22e8f6"
  integrity sha512-tpy5o7zu1MjawVkLPuahymVJekYY3kYjvzcoInhIchgePxTlo+api90tBv2KfhAIe5uXh+mez1tAfmbv8/TiZg==
  dependencies:
    "@nodelib/fs.walk" "^1.2.3"
    fast-glob "^3.3.3"
    formatly "^0.3.0"
    jiti "^2.6.0"
    minimist "^1.2.8"
    oxc-resolver "^11.19.1"
    picocolors "^1.1.1"
    picomatch "^4.0.1"
    smol-toml "^1.5.2"
    strip-json-comments "5.0.3"
    unbash "^2.2.0"
    yaml "^2.8.2"
    zod "^4.1.11"

lodash@4.18.1:
  version "4.18.1"
  resolved "https://registry.yarnpkg.com/lodash/-/lodash-4.18.1.tgz#ff2b66c1f6326d59513de2407bf881439812771c"
  integrity sha512-dMInicTPVE8d1e5otfwmmjlxkZoUpiVLwyeTdUsi/Caj/gfzzblBcCE5sRHV/AsjuCmxWrte2TNGSYuCeCq+0Q==

math-intrinsics@^1.1.0:
  version "1.1.0"
  resolved "https://registry.yarnpkg.com/math-intrinsics/-/math-intrinsics-1.1.0.tgz#a0dd74be81e2aa5c2f27e65ce283605ee4e2b7f9"
  integrity sha512-/IXtbwEk5HTPyEwyKX6hGkYXxM9nbj64B+ilVJnC/R6B0pH5G4V3b0pVbL7DBj4tkhBAppbQUlf6F6Xl9LHu1g==

md5@^2.3.0:
  version "2.3.0"
  resolved "https://registry.yarnpkg.com/md5/-/md5-2.3.0.tgz#c3da9a6aae3a30b46b7b0c349b87b110dc3bda4f"
  integrity sha512-T1GITYmFaKuO91vxyoQMFETst+O71VUPEU3ze5GNzDm0OWdP8v1ziTaAEPUr/3kLsY3Sftgz242A1SetQiDL7g==
  dependencies:
    charenc "0.0.2"
    crypt "0.0.2"
    is-buffer "~1.1.6"

merge2@^1.3.0:
  version "1.4.1"
  resolved "https://registry.yarnpkg.com/merge2/-/merge2-1.4.1.tgz#4368892f885e907455a6fd7dc55c0c9d404990ae"
  integrity sha512-8q7VEgMJW4J8tcfVPy8g09NcQwZdbwFEqhe/WZkoIzjn/3TGDwtOCYtXGxA3O8tPzpczCCDgv+P2P5y00ZJOOg==

micromatch@4.0.8, micromatch@^4.0.8:
  version "4.0.8"
  resolved "https://registry.yarnpkg.com/micromatch/-/micromatch-4.0.8.tgz#d66fa18f3a47076789320b9b1af32bd86d9fa202"
  integrity sha512-PXwfBhYu0hBCPw8Dn0E+WDYb7af3dSLVWKi3HGv84IdF4TyFoC0ysxFd0Goxw7nSv4T/PzEJQxsYsEiFCKo2BA==
  dependencies:
    braces "^3.0.3"
    picomatch "^2.3.1"

mime-db@1.52.0:
  version "1.52.0"
  resolved "https://registry.yarnpkg.com/mime-db/-/mime-db-1.52.0.tgz#bbabcdc02859f4987301c856e3387ce5ec43bf70"
  integrity sha512-sPU4uV7dYlvtWJxwwxHD0PuihVNiE7TyAbQ5SWxDCB9mUYvOgroQOwYQQOKPJ8CIbE+1ETVlOoK1UC2nU3gYvg==

mime-types@^2.1.12:
  version "2.1.35"
  resolved "https://registry.yarnpkg.com/mime-types/-/mime-types-2.1.35.tgz#381a871b62a734450660ae3deee44813f70d959a"
  integrity sha512-ZDY+bPm5zTTF+YpCrAU9nK0UgICYPT0QtT1NZWFv4s++TNkcgVaT0g6+4R2uI4MjQjzysHB1zxuWL50hzaeXiw==
  dependencies:
    mime-db "1.52.0"

minimist@^1.2.8:
  version "1.2.8"
  resolved "https://registry.yarnpkg.com/minimist/-/minimist-1.2.8.tgz#c1a464e7693302e082a075cee0c057741ac4772c"
  integrity sha512-2yyAR8qBkN3YuheJanUpWC5U3bb5osDywNB8RzDVlDwDHbocAJveqqj1u8+SVD7jkWT4yvsHCpWqqWqAxb0zCA==

oxc-resolver@^11.19.1:
  version "11.19.1"
  resolved "https://registry.yarnpkg.com/oxc-resolver/-/oxc-resolver-11.19.1.tgz#1b6b49812ae3469a2dcd10314444c2cb73a8d6a1"
  integrity sha512-qE/CIg/spwrTBFt5aKmwe3ifeDdLfA2NESN30E42X/lII5ClF8V7Wt6WIJhcGZjp0/Q+nQ+9vgxGk//xZNX2hg==
  optionalDependencies:
    "@oxc-resolver/binding-android-arm-eabi" "11.19.1"
    "@oxc-resolver/binding-android-arm64" "11.19.1"
    "@oxc-resolver/binding-darwin-arm64" "11.19.1"
    "@oxc-resolver/binding-darwin-x64" "11.19.1"
    "@oxc-resolver/binding-freebsd-x64" "11.19.1"
    "@oxc-resolver/binding-linux-arm-gnueabihf" "11.19.1"
    "@oxc-resolver/binding-linux-arm-musleabihf" "11.19.1"
    "@oxc-resolver/binding-linux-arm64-gnu" "11.19.1"
    "@oxc-resolver/binding-linux-arm64-musl" "11.19.1"
    "@oxc-resolver/binding-linux-ppc64-gnu" "11.19.1"
    "@oxc-resolver/binding-linux-riscv64-gnu" "11.19.1"
    "@oxc-resolver/binding-linux-riscv64-musl" "11.19.1"
    "@oxc-resolver/binding-linux-s390x-gnu" "11.19.1"
    "@oxc-resolver/binding-linux-x64-gnu" "11.19.1"
    "@oxc-resolver/binding-linux-x64-musl" "11.19.1"
    "@oxc-resolver/binding-openharmony-arm64" "11.19.1"
    "@oxc-resolver/binding-wasm32-wasi" "11.19.1"
    "@oxc-resolver/binding-win32-arm64-msvc" "11.19.1"
    "@oxc-resolver/binding-win32-ia32-msvc" "11.19.1"
    "@oxc-resolver/binding-win32-x64-msvc" "11.19.1"

path-key@^3.1.0:
  version "3.1.1"
  resolved "https://registry.yarnpkg.com/path-key/-/path-key-3.1.1.tgz#581f6ade658cbba65a0d3380de7753295054f375"
  integrity sha512-ojmeN0qd+y0jszEtoY48r0Peq5dwMEkIlCOu6Q5f41lfkswXuKtYrhgoTpLnyIcHm24Uhqx+5Tqm2InSwLhE6Q==

picocolors@^1.1.1:
  version "1.1.1"
  resolved "https://registry.yarnpkg.com/picocolors/-/picocolors-1.1.1.tgz#3d321af3eab939b083c8f929a1d12cda81c26b6b"
  integrity sha512-xceH2snhtb5M9liqDsmEw56le376mTZkEX/jEb/RxNFyegNul7eNslCXP9FDj/Lcu0X8KEyMceP2ntpaHrDEVA==

picomatch@^2.3.1:
  version "2.3.2"
  resolved "https://registry.yarnpkg.com/picomatch/-/picomatch-2.3.2.tgz#5a942915e26b372dc0f0e6753149a16e6b1c5601"
  integrity sha512-V7+vQEJ06Z+c5tSye8S+nHUfI51xoXIXjHQ99cQtKUkQqqO1kO/KCJUfZXuB47h/YBlDhah2H3hdUGXn8ie0oA==

picomatch@^4.0.1:
  version "4.0.4"
  resolved "https://registry.yarnpkg.com/picomatch/-/picomatch-4.0.4.tgz#fd6f5e00a143086e074dffe4c924b8fb293b0589"
  integrity sha512-QP88BAKvMam/3NxH6vj2o21R6MjxZUAd6nlwAS/pnGvN9IVLocLHxGYIzFhg6fUQ+5th6P4dv4eW9jX3DSIj7A==

queue-microtask@^1.2.2:
  version "1.2.3"
  resolved "https://registry.yarnpkg.com/queue-microtask/-/queue-microtask-1.2.3.tgz#4929228bbc724dfac43e0efb058caf7b6cfb6243"
  integrity sha512-NuaNSa6flKT5JaSYQzJok04JzTL1CA6aGhv5rfLW3PgqA+M2ChpZQnAC8h8i4ZFkBS8X5RqkDBHA7r4hej3K9A==

reusify@^1.0.4:
  version "1.1.0"
  resolved "https://registry.yarnpkg.com/reusify/-/reusify-1.1.0.tgz#0fe13b9522e1473f51b558ee796e08f11f9b489f"
  integrity sha512-g6QUff04oZpHs0eG5p83rFLhHeV00ug/Yf9nZM6fLeUrPguBTkTQOdpAWWspMh55TZfVQDPaN3NQJfbVRAxdIw==

run-parallel@^1.1.9:
  version "1.2.0"
  resolved "https://registry.yarnpkg.com/run-parallel/-/run-parallel-1.2.0.tgz#66d1368da7bdf921eb9d95bd1a9229e7f21a43ee"
  integrity sha512-5l4VyZR86LZ/lDxZTR6jqL8AFE2S0IFLMP26AbjsLVADxHdhB/c0GUsH+y39UfCi3dzz8OlQuPmnaJOMoDHQBA==
  dependencies:
    queue-microtask "^1.2.2"

shebang-command@^2.0.0:
  version "2.0.0"
  resolved "https://registry.yarnpkg.com/shebang-command/-/shebang-command-2.0.0.tgz#ccd0af4f8835fbdc265b82461aaf0c36663f34ea"
  integrity sha512-kHxr2zZpYtdmrN1qDjrrX/Z1rR1kG8Dx+gkpK1G4eXmvXswmcE1hTWBWYUzlraYw1/yZp6YuDY77YtvbN0dmDA==
  dependencies:
    shebang-regex "^3.0.0"

shebang-regex@^3.0.0:
  version "3.0.0"
  resolved "https://registry.yarnpkg.com/shebang-regex/-/shebang-regex-3.0.0.tgz#ae16f1644d873ecad843b0307b143362d4c42172"
  integrity sha512-7++dFhtcx3353uBaq8DDR4NuxBetBzC7ZQOhmTQInHEd6bSrXdiEyzCvG07Z44UYdLShWUyXt5M/yhz8ekcb1A==

smol-toml@^1.5.2:
  version "1.6.1"
  resolved "https://registry.yarnpkg.com/smol-toml/-/smol-toml-1.6.1.tgz#4fceb5f7c4b86c2544024ef686e12ff0983465be"
  integrity sha512-dWUG8F5sIIARXih1DTaQAX4SsiTXhInKf1buxdY9DIg4ZYPZK5nGM1VRIYmEbDbsHt7USo99xSLFu5Q1IqTmsg==

strip-json-comments@5.0.3:
  version "5.0.3"
  resolved "https://registry.yarnpkg.com/strip-json-comments/-/strip-json-comments-5.0.3.tgz#b7304249dd402ee67fd518ada993ab3593458bcf"
  integrity sha512-1tB5mhVo7U+ETBKNf92xT4hrQa3pm0MZ0PQvuDnWgAAGHDsfp4lPSpiS6psrSiet87wyGPh9ft6wmhOMQ0hDiw==

to-regex-range@^5.0.1:
  version "5.0.1"
  resolved "https://registry.yarnpkg.com/to-regex-range/-/to-regex-range-5.0.1.tgz#1648c44aae7c8d988a326018ed72f5b4dd0392e4"
  integrity sha512-65P7iz6X5yEr1cwcgvQxbbIw7Uk3gOy5dIdtZ4rDveLqhrdJP+Li/Hx6tyK0NEb+2GCyneCMJiGqrADCSNk8sQ==
  dependencies:
    is-number "^7.0.0"

tslib@^2.4.0:
  version "2.8.1"
  resolved "https://registry.yarnpkg.com/tslib/-/tslib-2.8.1.tgz#612efe4ed235d567e8aba5f2a5fab70280ade83f"
  integrity sha512-oJFu94HQb+KVduSUQL7wnpmqnfmLsOA/nAh6b6EH0wCEoK0/mPeXU6c3wKDV83MkOuHPRHtSXKKU99IBazS/2w==

typescript@~6.0.2:
  version "6.0.3"
  resolved "https://registry.yarnpkg.com/typescript/-/typescript-6.0.3.tgz#90251dc007916e972786cb94d74d15b185577d21"
  integrity sha512-y2TvuxSZPDyQakkFRPZHKFm+KKVqIisdg9/CZwm9ftvKXLP8NRWj38/ODjNbr43SsoXqNuAisEf1GdCxqWcdBw==

unbash@^2.2.0:
  version "2.2.0"
  resolved "https://registry.yarnpkg.com/unbash/-/unbash-2.2.0.tgz#ab65fcb3903aa5f2bc5ff8f057129ac2dd5bb2db"
  integrity sha512-X2wH19RAPZE3+ldGicOkoj/SIA83OIxcJ6Cuaw23hf8Xc6fQpvZXY0SftE2JgS0QhYLUG4uwodSI3R53keyh7w==

walk-up-path@^4.0.0:
  version "4.0.0"
  resolved "https://registry.yarnpkg.com/walk-up-path/-/walk-up-path-4.0.0.tgz#590666dcf8146e2d72318164f1f2ac6ef51d4198"
  integrity sha512-3hu+tD8YzSLGuFYtPRb48vdhKMi0KQV5sn+uWr8+7dMEq/2G/dtLrdDinkLjqq5TIbIBjYJ4Ax/n3YiaW7QM8A==

which@^2.0.1:
  version "2.0.2"
  resolved "https://registry.yarnpkg.com/which/-/which-2.0.2.tgz#7c6a8dd0a636a0327e10b59c9286eee93f3f51b1"
  integrity sha512-BLI3Tl1TW3Pvl70l3yq3Y64i+awpwXqsGBYWkkqMtnbXgrMD+yj7rhW0kuEDxzJaYXGjEW5ogapKNMEKNMjibA==
  dependencies:
    isexe "^2.0.0"

yaml@^2.8.2:
  version "2.8.3"
  resolved "https://registry.yarnpkg.com/yaml/-/yaml-2.8.3.tgz#a0d6bd2efb3dd03c59370223701834e60409bd7d"
  integrity sha512-AvbaCLOO2Otw/lW5bmh9d/WEdcDFdQp2Z2ZUH3pX9U2ihyUY0nvLv7J6TrWowklRGPYbB/IuIMfYgxaCPg5Bpg==

zod@^4.1.11:
  version "4.3.6"
  resolved "https://registry.yarnpkg.com/zod/-/zod-4.3.6.tgz#89c56e0aa7d2b05107d894412227087885ab112a"
  integrity sha512-rftlrkhHZOcjDwkGlnUtZZkvaPHCsDATp4pGpuOOMDaTdDDXF91wuVDJoWoPsKX/3YPQ5fHuF3STjcYyKr+Qhg==
