# THIS IS AN AUTOGENERATED FILE. DO NOT EDIT THIS FILE DIRECTLY.
# yarn lockfile v1


"@testing-library/user-event@^14.5.2":
  version "14.5.2"
  resolved "https://registry.yarnpkg.com/@testing-library/user-event/-/user-event-14.5.2.tgz#db7257d727c891905947bd1c1a99da20e03c2ebd"
  integrity sha512-YAh82Wh4TIrxYLmfGcixwD18oIjyC1pFQC2Y01F2lzV2HTMiYrI0nze0FD0ocB//CKS/7jIUgae+adPqxK5yCQ==

"@types/@testing-library/user-event":
  version "0.0.0-semantically-released"
  resolved "https://codeload.github.com/testing-library/user-event/tar.gz/d0362796a33c2d39713998f82ae309020c37b385"
